PODS:
  - CTMediator (25)
  - TestModularization_A_Extension (0.1.4):
    - CTMediator

DEPENDENCIES:
  - TestModularization_A_Extension (from `../`)

SPEC REPOS:
  https://github.com/cocoapods/specs.git:
    - CTMediator

EXTERNAL SOURCES:
  TestModularization_A_Extension:
    :path: "../"

SPEC CHECKSUMS:
  CTMediator: 830c1fc204b3a6abf2a059510c7380f56343da0f
  TestModularization_A_Extension: ccc1fa436e91709208d702fd2ad79e1c2128a0a5

PODFILE CHECKSUM: bd5c68c1c6fc5d882a140b8f619bc90a1f3793b2

COCOAPODS: 1.6.1
