PODS:
  - CTMediator (25)
  - TestModularization_A_Extension (0.1.5):
    - CTMediator

DEPENDENCIES:
  - CTMediator
  - TestModularization_A_Extension (from `../`)

SPEC REPOS:
  https://github.com/cocoapods/specs.git:
    - CTMediator

EXTERNAL SOURCES:
  TestModularization_A_Extension:
    :path: "../"

SPEC CHECKSUMS:
  CTMediator: 830c1fc204b3a6abf2a059510c7380f56343da0f
  TestModularization_A_Extension: 0c50bb3dc0c2d3eae6f293540eba372ae3d6c81b

PODFILE CHECKSUM: 3a0e09902c3820e3a0d1e87600006580e5eb9671

COCOAPODS: 1.6.1
