PODS:
  - CTMediator (25)
  - TestModularization_A_Extension (0.1.6):
    - CTMediator

DEPENDENCIES:
  - CTMediator
  - TestModularization_A_Extension (from `../`)

SPEC REPOS:
  https://github.com/cocoapods/specs.git:
    - CTMediator

EXTERNAL SOURCES:
  TestModularization_A_Extension:
    :path: "../"

SPEC CHECKSUMS:
  CTMediator: 830c1fc204b3a6abf2a059510c7380f56343da0f
  TestModularization_A_Extension: e2338dd452543b87bf0f8181b6b3cfb34d289f71

PODFILE CHECKSUM: 1bba7c8ecec58b16ebc94836d1de4548328fc1dd

COCOAPODS: 1.6.1
